version = 1
revision = 3
requires-python = ">=3.14"

[[package]]
name = "webvtt-py"
version = "0.5.1"
source = { registry = "https://pypi.org/simple" }
sdist = { url = "https://files.pythonhosted.org/packages/5e/f6/7c9c964681fb148e0293e6860108d378e09ccab2218f9063fd3eb87f840a/webvtt-py-0.5.1.tar.gz", hash = "sha256:2040dd325277ddadc1e0c6cc66cbc4a1d9b6b49b24c57a0c3364374c3e8a3dc1", size = 55128, upload-time = "2024-05-30T13:40:17.189Z" }
wheels = [
    { url = "https://files.pythonhosted.org/packages/f3/ed/aad7e0f5a462d679f7b4d2e0d8502c3096740c883b5bbed5103146480937/webvtt_py-0.5.1-py3-none-any.whl", hash = "sha256:9d517d286cfe7fc7825e9d4e2079647ce32f5678eb58e39ef544ffbb932610b7", size = 19802, upload-time = "2024-05-30T13:40:14.661Z" },
]

[[package]]
name = "youtube-scrapper"
version = "0.1.0"
source = { editable = "." }
dependencies = [
    { name = "webvtt-py" },
    { name = "yt-dlp" },
]

[package.metadata]
requires-dist = [
    { name = "webvtt-py", specifier = ">=0.5.1" },
    { name = "yt-dlp", specifier = ">=2026.3.17" },
]

[[package]]
name = "yt-dlp"
version = "2026.3.17"
source = { registry = "https://pypi.org/simple" }
sdist = { url = "https://files.pythonhosted.org/packages/8b/34/7c6b4e3f89cb6416d2cd7ab6dab141a1df97ab0fb22d15816db2c92148c9/yt_dlp-2026.3.17.tar.gz", hash = "sha256:ba7aa31d533f1ffccfe70e421596d7ca8ff0bf1398dc6bb658b7d9dec057d2c9", size = 3119221, upload-time = "2026-03-17T23:43:00.244Z" }
wheels = [
    { url = "https://files.pythonhosted.org/packages/cd/13/5093bcb954878e50f7217fd2ab94282b53934022e4e4a03265582da83bf5/yt_dlp-2026.3.17-py3-none-any.whl", hash = "sha256:32992db94303a8a5d211a183f2174834fe7f8c29d83ed2e7a324eae97a8f26d8", size = 3315134, upload-time = "2026-03-17T23:42:57.863Z" },
]
